{
  "_from": "bot-utils",
  "_id": "bot-utils@1.0.6",
  "_inBundle": false,
  "_integrity": "sha512-CKx+6P5KntYSMeJQzzSXNZ5tv4dloEyrmj+B7OWb/Tf8NLsruED42YIM6HV50c03Bleojzbmm0TyqEwW1AbkTQ==",
  "_location": "/bot-utils",
  "_phantomChildren": {},
  "_requested": {
    "type": "tag",
    "registry": true,
    "raw": "bot-utils",
    "name": "bot-utils",
    "escapedName": "bot-utils",
    "rawSpec": "",
    "saveSpec": null,
    "fetchSpec": "latest"
  },
  "_requiredBy": [
    "#USER",
    "/"
  ],
  "_resolved": "https://registry.npmjs.org/bot-utils/-/bot-utils-1.0.6.tgz",
  "_shasum": "08cc8b7387168246a90a67ed26f7863aa2d5d16f",
  "_spec": "bot-utils",
  "_where": "C:\\Users\\vultu\\OneDrive\\Desktop\\New folder",
  "author": {
    "name": "Axel Greavette"
  },
  "bundleDependencies": false,
  "dependencies": {},
  "deprecated": false,
  "description": "Common utilites for a Discord Bot",
  "devDependencies": {},
  "license": "ISC",
  "main": "index.js",
  "name": "bot-utils",
  "version": "1.0.6"
}
